
Microsoft Visual Studio Solution File, Format Version 12.00
# Visual Studio Version 17
VisualStudioVersion = 17.9.34723.18
MinimumVisualStudioVersion = 10.0.40219.1
Project("{9A19103F-16F7-4668-BE54-9A1E7A4F7556}") = "StarQ_Vanilla_Ploppable_Buildings", "StarQ_Vanilla_Ploppable_Buildings.csproj", "{5E2BD07B-A043-4770-B7C0-BDE11AE51FBD}"
EndProject
Global
	GlobalSection(SolutionConfigurationPlatforms) = preSolution
		Debug|Any CPU = Debug|Any CPU
		Release|Any CPU = Release|Any CPU
	EndGlobalSection
	GlobalSection(ProjectConfigurationPlatforms) = postSolution
		{5E2BD07B-A043-4770-B7C0-BDE11AE51FBD}.Debug|Any CPU.ActiveCfg = Debug|Any CPU
		{5E2BD07B-A043-4770-B7C0-BDE11AE51FBD}.Debug|Any CPU.Build.0 = Debug|Any CPU
		{5E2BD07B-A043-4770-B7C0-BDE11AE51FBD}.Release|Any CPU.ActiveCfg = Release|Any CPU
		{5E2BD07B-A043-4770-B7C0-BDE11AE51FBD}.Release|Any CPU.Build.0 = Release|Any CPU
	EndGlobalSection
	GlobalSection(SolutionProperties) = preSolution
		HideSolutionNode = FALSE
	EndGlobalSection
	GlobalSection(ExtensibilityGlobals) = postSolution
		SolutionGuid = {5329039D-DC0F-4DC9-9AF5-F59D662940B4}
	EndGlobalSection
EndGlobal
